// !$*UTF8*$!
{
	archiveVersion = 1;
	classes = {
	};
	objectVersion = 51;
	objects = {

/* Begin PBXBuildFile section */
		022A26832383DF21009DD8C0 /* Lato-Italic.ttf in Resources */ = {isa = PBXBuildFile; fileRef = 022A26782383DF20009DD8C0 /* Lato-Italic.ttf */; };
		022A26842383DF21009DD8C0 /* Lato-LightItalic.ttf in Resources */ = {isa = PBXBuildFile; fileRef = 022A26792383DF20009DD8C0 /* Lato-LightItalic.ttf */; };
		022A26852383DF21009DD8C0 /* Lato-Thin.ttf in Resources */ = {isa = PBXBuildFile; fileRef = 022A267A2383DF20009DD8C0 /* Lato-Thin.ttf */; };
		022A26862383DF21009DD8C0 /* Lato-Bold.ttf in Resources */ = {isa = PBXBuildFile; fileRef = 022A267B2383DF20009DD8C0 /* Lato-Bold.ttf */; };
		022A26872383DF21009DD8C0 /* Lato-Black.ttf in Resources */ = {isa = PBXBuildFile; fileRef = 022A267C2383DF20009DD8C0 /* Lato-Black.ttf */; };
		022A26882383DF21009DD8C0 /* Lato-Regular.ttf in Resources */ = {isa = PBXBuildFile; fileRef = 022A267D2383DF20009DD8C0 /* Lato-Regular.ttf */; };
		022A26892383DF21009DD8C0 /* Lato-BlackItalic.ttf in Resources */ = {isa = PBXBuildFile; fileRef = 022A267E2383DF20009DD8C0 /* Lato-BlackItalic.ttf */; };
		022A268A2383DF21009DD8C0 /* OFL.txt in Resources */ = {isa = PBXBuildFile; fileRef = 022A267F2383DF20009DD8C0 /* OFL.txt */; };
		022A268B2383DF21009DD8C0 /* Lato-BoldItalic.ttf in Resources */ = {isa = PBXBuildFile; fileRef = 022A26802383DF20009DD8C0 /* Lato-BoldItalic.ttf */; };
		022A268C2383DF21009DD8C0 /* Lato-Light.ttf in Resources */ = {isa = PBXBuildFile; fileRef = 022A26812383DF20009DD8C0 /* Lato-Light.ttf */; };
		022A268D2383DF21009DD8C0 /* Lato-ThinItalic.ttf in Resources */ = {isa = PBXBuildFile; fileRef = 022A26822383DF20009DD8C0 /* Lato-ThinItalic.ttf */; };
		022A26912383E083009DD8C0 /* CameraViewController.swift in Sources */ = {isa = PBXBuildFile; fileRef = 022A268F2383E083009DD8C0 /* CameraViewController.swift */; };
		022A26922383E083009DD8C0 /* Camera.storyboard in Resources */ = {isa = PBXBuildFile; fileRef = 022A26902383E083009DD8C0 /* Camera.storyboard */; };
		174AED19CD40873F82B327BA /* Pods_Roomr.framework in Frameworks */ = {isa = PBXBuildFile; fileRef = AB26F3B45EEEF53D03077DFA /* Pods_Roomr.framework */; };
		65B6ECAA23752BF4002CE8D7 /* AppDelegate.swift in Sources */ = {isa = PBXBuildFile; fileRef = 65B6ECA923752BF4002CE8D7 /* AppDelegate.swift */; };
		65B6ECAC23752BF4002CE8D7 /* SceneDelegate.swift in Sources */ = {isa = PBXBuildFile; fileRef = 65B6ECAB23752BF4002CE8D7 /* SceneDelegate.swift */; };
		65B6ECAE23752BF4002CE8D7 /* LoginController.swift in Sources */ = {isa = PBXBuildFile; fileRef = 65B6ECAD23752BF4002CE8D7 /* LoginController.swift */; };
		65B6ECBE23753955002CE8D7 /* Assets.xcassets in Resources */ = {isa = PBXBuildFile; fileRef = 65B6ECBD23753955002CE8D7 /* Assets.xcassets */; };
		65B6ECC0237BC85C002CE8D7 /* GoogleService-Info.plist in Resources */ = {isa = PBXBuildFile; fileRef = 65B6ECBF237BC85C002CE8D7 /* GoogleService-Info.plist */; };
		65EC8A07237DEB9E009CBF8F /* AccountSetupNameController.swift in Sources */ = {isa = PBXBuildFile; fileRef = 65EC8A06237DEB9E009CBF8F /* AccountSetupNameController.swift */; };
		65EC8A09237DEBAD009CBF8F /* AccountSetupAgeController.swift in Sources */ = {isa = PBXBuildFile; fileRef = 65EC8A08237DEBAD009CBF8F /* AccountSetupAgeController.swift */; };
		65EC8A0B237DEBBE009CBF8F /* AccountSetupGenderController.swift in Sources */ = {isa = PBXBuildFile; fileRef = 65EC8A0A237DEBBE009CBF8F /* AccountSetupGenderController.swift */; };
		65EC8A0D237DEBD7009CBF8F /* AccountSetupGenderPrefController.swift in Sources */ = {isa = PBXBuildFile; fileRef = 65EC8A0C237DEBD7009CBF8F /* AccountSetupGenderPrefController.swift */; };
		65EC8A0F237DEBF0009CBF8F /* UserSetupProfile.swift in Sources */ = {isa = PBXBuildFile; fileRef = 65EC8A0E237DEBF0009CBF8F /* UserSetupProfile.swift */; };
		65F92497237E179C0089EE3B /* Main.storyboard in Resources */ = {isa = PBXBuildFile; fileRef = 65EC8A10237E14F5009CBF8F /* Main.storyboard */; };
		65F92498237E18080089EE3B /* LaunchScreen.storyboard in Resources */ = {isa = PBXBuildFile; fileRef = 65B6ECB423752BF5002CE8D7 /* LaunchScreen.storyboard */; };
		65F924AD237E5B4F0089EE3B /* HomeViewController.swift in Sources */ = {isa = PBXBuildFile; fileRef = 65F924AA237E5B4F0089EE3B /* HomeViewController.swift */; };
		65F924AF237E5B4F0089EE3B /* HomeViewsStoryboard.storyboard in Resources */ = {isa = PBXBuildFile; fileRef = 65F924AC237E5B4F0089EE3B /* HomeViewsStoryboard.storyboard */; };
		65F924C9237E7EF10089EE3B /* AccountSetupPicsController.swift in Sources */ = {isa = PBXBuildFile; fileRef = 65F924C8237E7EF10089EE3B /* AccountSetupPicsController.swift */; };
		EC5FBEEC238366A300B60C57 /* Profile.storyboard in Resources */ = {isa = PBXBuildFile; fileRef = EC5FBEE7238366A300B60C57 /* Profile.storyboard */; };
		EC5FBEED238366A300B60C57 /* EditProfileViewController.swift in Sources */ = {isa = PBXBuildFile; fileRef = EC5FBEE8238366A300B60C57 /* EditProfileViewController.swift */; };
		EC5FBEEE238366A300B60C57 /* AddMediaViewController.swift in Sources */ = {isa = PBXBuildFile; fileRef = EC5FBEE9238366A300B60C57 /* AddMediaViewController.swift */; };
		EC5FBEEF238366A300B60C57 /* ProfileViewController.swift in Sources */ = {isa = PBXBuildFile; fileRef = EC5FBEEA238366A300B60C57 /* ProfileViewController.swift */; };
		EC5FBEF0238366A300B60C57 /* SettingsViewController.swift in Sources */ = {isa = PBXBuildFile; fileRef = EC5FBEEB238366A300B60C57 /* SettingsViewController.swift */; };
		EC834404237CAFCE00EBB218 /* match.storyboard in Resources */ = {isa = PBXBuildFile; fileRef = EC834403237CAFCD00EBB218 /* match.storyboard */; };
		EC834406237CB46200EBB218 /* MatchViewController.swift in Sources */ = {isa = PBXBuildFile; fileRef = EC834405237CB46200EBB218 /* MatchViewController.swift */; };
		EC83440C237D095B00EBB218 /* ContactCell.swift in Sources */ = {isa = PBXBuildFile; fileRef = EC83440B237D095B00EBB218 /* ContactCell.swift */; };
		EC83440E237D0A5600EBB218 /* People.swift in Sources */ = {isa = PBXBuildFile; fileRef = EC83440D237D0A5600EBB218 /* People.swift */; };
/* End PBXBuildFile section */

/* Begin PBXFileReference section */
		022A26782383DF20009DD8C0 /* Lato-Italic.ttf */ = {isa = PBXFileReference; lastKnownFileType = file; path = "Lato-Italic.ttf"; sourceTree = "<group>"; };
		022A26792383DF20009DD8C0 /* Lato-LightItalic.ttf */ = {isa = PBXFileReference; lastKnownFileType = file; path = "Lato-LightItalic.ttf"; sourceTree = "<group>"; };
		022A267A2383DF20009DD8C0 /* Lato-Thin.ttf */ = {isa = PBXFileReference; lastKnownFileType = file; path = "Lato-Thin.ttf"; sourceTree = "<group>"; };
		022A267B2383DF20009DD8C0 /* Lato-Bold.ttf */ = {isa = PBXFileReference; lastKnownFileType = file; path = "Lato-Bold.ttf"; sourceTree = "<group>"; };
		022A267C2383DF20009DD8C0 /* Lato-Black.ttf */ = {isa = PBXFileReference; lastKnownFileType = file; path = "Lato-Black.ttf"; sourceTree = "<group>"; };
		022A267D2383DF20009DD8C0 /* Lato-Regular.ttf */ = {isa = PBXFileReference; lastKnownFileType = file; path = "Lato-Regular.ttf"; sourceTree = "<group>"; };
		022A267E2383DF20009DD8C0 /* Lato-BlackItalic.ttf */ = {isa = PBXFileReference; lastKnownFileType = file; path = "Lato-BlackItalic.ttf"; sourceTree = "<group>"; };
		022A267F2383DF20009DD8C0 /* OFL.txt */ = {isa = PBXFileReference; fileEncoding = 4; lastKnownFileType = text; path = OFL.txt; sourceTree = "<group>"; };
		022A26802383DF20009DD8C0 /* Lato-BoldItalic.ttf */ = {isa = PBXFileReference; lastKnownFileType = file; path = "Lato-BoldItalic.ttf"; sourceTree = "<group>"; };
		022A26812383DF20009DD8C0 /* Lato-Light.ttf */ = {isa = PBXFileReference; lastKnownFileType = file; path = "Lato-Light.ttf"; sourceTree = "<group>"; };
		022A26822383DF20009DD8C0 /* Lato-ThinItalic.ttf */ = {isa = PBXFileReference; lastKnownFileType = file; path = "Lato-ThinItalic.ttf"; sourceTree = "<group>"; };
		022A268F2383E083009DD8C0 /* CameraViewController.swift */ = {isa = PBXFileReference; fileEncoding = 4; lastKnownFileType = sourcecode.swift; path = CameraViewController.swift; sourceTree = "<group>"; };
		022A26902383E083009DD8C0 /* Camera.storyboard */ = {isa = PBXFileReference; fileEncoding = 4; lastKnownFileType = file.storyboard; path = Camera.storyboard; sourceTree = "<group>"; };
		5D551939CAA757EF9E84EF97 /* Pods-Roomr.debug.xcconfig */ = {isa = PBXFileReference; includeInIndex = 1; lastKnownFileType = text.xcconfig; name = "Pods-Roomr.debug.xcconfig"; path = "Target Support Files/Pods-Roomr/Pods-Roomr.debug.xcconfig"; sourceTree = "<group>"; };
		65B6ECA623752BF4002CE8D7 /* Roomr.app */ = {isa = PBXFileReference; explicitFileType = wrapper.application; includeInIndex = 0; path = Roomr.app; sourceTree = BUILT_PRODUCTS_DIR; };
		65B6ECA923752BF4002CE8D7 /* AppDelegate.swift */ = {isa = PBXFileReference; lastKnownFileType = sourcecode.swift; path = AppDelegate.swift; sourceTree = "<group>"; };
		65B6ECAB23752BF4002CE8D7 /* SceneDelegate.swift */ = {isa = PBXFileReference; lastKnownFileType = sourcecode.swift; path = SceneDelegate.swift; sourceTree = "<group>"; };
		65B6ECAD23752BF4002CE8D7 /* LoginController.swift */ = {isa = PBXFileReference; lastKnownFileType = sourcecode.swift; path = LoginController.swift; sourceTree = "<group>"; };
		65B6ECB523752BF5002CE8D7 /* Base */ = {isa = PBXFileReference; lastKnownFileType = file.storyboard; name = Base; path = Base.lproj/LaunchScreen.storyboard; sourceTree = "<group>"; };
		65B6ECB723752BF5002CE8D7 /* Info.plist */ = {isa = PBXFileReference; lastKnownFileType = text.plist.xml; path = Info.plist; sourceTree = "<group>"; };
		65B6ECBD23753955002CE8D7 /* Assets.xcassets */ = {isa = PBXFileReference; lastKnownFileType = folder.assetcatalog; path = Assets.xcassets; sourceTree = "<group>"; };
		65B6ECBF237BC85C002CE8D7 /* GoogleService-Info.plist */ = {isa = PBXFileReference; fileEncoding = 4; lastKnownFileType = text.plist.xml; path = "GoogleService-Info.plist"; sourceTree = "<group>"; };
		65EC8A06237DEB9E009CBF8F /* AccountSetupNameController.swift */ = {isa = PBXFileReference; lastKnownFileType = sourcecode.swift; path = AccountSetupNameController.swift; sourceTree = "<group>"; };
		65EC8A08237DEBAD009CBF8F /* AccountSetupAgeController.swift */ = {isa = PBXFileReference; lastKnownFileType = sourcecode.swift; path = AccountSetupAgeController.swift; sourceTree = "<group>"; };
		65EC8A0A237DEBBE009CBF8F /* AccountSetupGenderController.swift */ = {isa = PBXFileReference; lastKnownFileType = sourcecode.swift; path = AccountSetupGenderController.swift; sourceTree = "<group>"; };
		65EC8A0C237DEBD7009CBF8F /* AccountSetupGenderPrefController.swift */ = {isa = PBXFileReference; lastKnownFileType = sourcecode.swift; path = AccountSetupGenderPrefController.swift; sourceTree = "<group>"; };
		65EC8A0E237DEBF0009CBF8F /* UserSetupProfile.swift */ = {isa = PBXFileReference; lastKnownFileType = sourcecode.swift; path = UserSetupProfile.swift; sourceTree = "<group>"; };
		65EC8A11237E14F5009CBF8F /* Base */ = {isa = PBXFileReference; lastKnownFileType = file.storyboard; name = Base; path = Base.lproj/Main.storyboard; sourceTree = "<group>"; };
		65F924AA237E5B4F0089EE3B /* HomeViewController.swift */ = {isa = PBXFileReference; fileEncoding = 4; lastKnownFileType = sourcecode.swift; path = HomeViewController.swift; sourceTree = "<group>"; };
		65F924AC237E5B4F0089EE3B /* HomeViewsStoryboard.storyboard */ = {isa = PBXFileReference; fileEncoding = 4; lastKnownFileType = file.storyboard; path = HomeViewsStoryboard.storyboard; sourceTree = "<group>"; };
		65F924C8237E7EF10089EE3B /* AccountSetupPicsController.swift */ = {isa = PBXFileReference; lastKnownFileType = sourcecode.swift; path = AccountSetupPicsController.swift; sourceTree = "<group>"; };
		7DDBD1223662A07D95E2BCC9 /* Pods-Roomr.release.xcconfig */ = {isa = PBXFileReference; includeInIndex = 1; lastKnownFileType = text.xcconfig; name = "Pods-Roomr.release.xcconfig"; path = "Target Support Files/Pods-Roomr/Pods-Roomr.release.xcconfig"; sourceTree = "<group>"; };
		AB26F3B45EEEF53D03077DFA /* Pods_Roomr.framework */ = {isa = PBXFileReference; explicitFileType = wrapper.framework; includeInIndex = 0; path = Pods_Roomr.framework; sourceTree = BUILT_PRODUCTS_DIR; };
		EC5FBEE7238366A300B60C57 /* Profile.storyboard */ = {isa = PBXFileReference; fileEncoding = 4; lastKnownFileType = file.storyboard; path = Profile.storyboard; sourceTree = "<group>"; };
		EC5FBEE8238366A300B60C57 /* EditProfileViewController.swift */ = {isa = PBXFileReference; fileEncoding = 4; lastKnownFileType = sourcecode.swift; path = EditProfileViewController.swift; sourceTree = "<group>"; };
		EC5FBEE9238366A300B60C57 /* AddMediaViewController.swift */ = {isa = PBXFileReference; fileEncoding = 4; lastKnownFileType = sourcecode.swift; path = AddMediaViewController.swift; sourceTree = "<group>"; };
		EC5FBEEA238366A300B60C57 /* ProfileViewController.swift */ = {isa = PBXFileReference; fileEncoding = 4; lastKnownFileType = sourcecode.swift; path = ProfileViewController.swift; sourceTree = "<group>"; };
		EC5FBEEB238366A300B60C57 /* SettingsViewController.swift */ = {isa = PBXFileReference; fileEncoding = 4; lastKnownFileType = sourcecode.swift; path = SettingsViewController.swift; sourceTree = "<group>"; };
		EC834403237CAFCD00EBB218 /* match.storyboard */ = {isa = PBXFileReference; lastKnownFileType = file.storyboard; path = match.storyboard; sourceTree = "<group>"; };
		EC834405237CB46200EBB218 /* MatchViewController.swift */ = {isa = PBXFileReference; lastKnownFileType = sourcecode.swift; path = MatchViewController.swift; sourceTree = "<group>"; };
		EC83440B237D095B00EBB218 /* ContactCell.swift */ = {isa = PBXFileReference; lastKnownFileType = sourcecode.swift; path = ContactCell.swift; sourceTree = "<group>"; };
		EC83440D237D0A5600EBB218 /* People.swift */ = {isa = PBXFileReference; lastKnownFileType = sourcecode.swift; path = People.swift; sourceTree = "<group>"; };
/* End PBXFileReference section */

/* Begin PBXFrameworksBuildPhase section */
		65B6ECA323752BF4002CE8D7 /* Frameworks */ = {
			isa = PBXFrameworksBuildPhase;
			buildActionMask = 2147483647;
			files = (
				174AED19CD40873F82B327BA /* Pods_Roomr.framework in Frameworks */,
			);
			runOnlyForDeploymentPostprocessing = 0;
		};
/* End PBXFrameworksBuildPhase section */

/* Begin PBXGroup section */
		022A26762383DF20009DD8C0 /* Fonts */ = {
			isa = PBXGroup;
			children = (
				022A26772383DF20009DD8C0 /* Lato */,
			);
			path = Fonts;
			sourceTree = "<group>";
		};
		022A26772383DF20009DD8C0 /* Lato */ = {
			isa = PBXGroup;
			children = (
				022A26782383DF20009DD8C0 /* Lato-Italic.ttf */,
				022A26792383DF20009DD8C0 /* Lato-LightItalic.ttf */,
				022A267A2383DF20009DD8C0 /* Lato-Thin.ttf */,
				022A267B2383DF20009DD8C0 /* Lato-Bold.ttf */,
				022A267C2383DF20009DD8C0 /* Lato-Black.ttf */,
				022A267D2383DF20009DD8C0 /* Lato-Regular.ttf */,
				022A267E2383DF20009DD8C0 /* Lato-BlackItalic.ttf */,
				022A267F2383DF20009DD8C0 /* OFL.txt */,
				022A26802383DF20009DD8C0 /* Lato-BoldItalic.ttf */,
				022A26812383DF20009DD8C0 /* Lato-Light.ttf */,
				022A26822383DF20009DD8C0 /* Lato-ThinItalic.ttf */,
			);
			path = Lato;
			sourceTree = "<group>";
		};
		022A268E2383E083009DD8C0 /* Camera */ = {
			isa = PBXGroup;
			children = (
				022A268F2383E083009DD8C0 /* CameraViewController.swift */,
				022A26902383E083009DD8C0 /* Camera.storyboard */,
			);
			path = Camera;
			sourceTree = "<group>";
		};
		40C2341635D989A501C91058 /* Pods */ = {
			isa = PBXGroup;
			children = (
				5D551939CAA757EF9E84EF97 /* Pods-Roomr.debug.xcconfig */,
				7DDBD1223662A07D95E2BCC9 /* Pods-Roomr.release.xcconfig */,
			);
			path = Pods;
			sourceTree = "<group>";
		};
		65B6EC9D23752BF4002CE8D7 = {
			isa = PBXGroup;
			children = (
				65B6ECA823752BF4002CE8D7 /* Roomr */,
				65B6ECA723752BF4002CE8D7 /* Products */,
				40C2341635D989A501C91058 /* Pods */,
				BA6F9AC166A7D6488582B048 /* Frameworks */,
			);
			sourceTree = "<group>";
		};
		65B6ECA723752BF4002CE8D7 /* Products */ = {
			isa = PBXGroup;
			children = (
				65B6ECA623752BF4002CE8D7 /* Roomr.app */,
			);
			name = Products;
			sourceTree = "<group>";
		};
		65B6ECA823752BF4002CE8D7 /* Roomr */ = {
			isa = PBXGroup;
			children = (
				022A268E2383E083009DD8C0 /* Camera */,
				022A26762383DF20009DD8C0 /* Fonts */,
				EC5FBEE6238366A300B60C57 /* Profile */,
				65F924A9237E5B4F0089EE3B /* Home */,
				65F9249A237E48D50089EE3B /* Matches */,
				65F92499237E48970089EE3B /* Login */,
				65B6ECB423752BF5002CE8D7 /* LaunchScreen.storyboard */,
				65EC8A10237E14F5009CBF8F /* Main.storyboard */,
				65B6ECA923752BF4002CE8D7 /* AppDelegate.swift */,
				65B6ECAB23752BF4002CE8D7 /* SceneDelegate.swift */,
				65B6ECBF237BC85C002CE8D7 /* GoogleService-Info.plist */,
				65B6ECB723752BF5002CE8D7 /* Info.plist */,
				65B6ECBD23753955002CE8D7 /* Assets.xcassets */,
			);
			path = Roomr;
			sourceTree = "<group>";
		};
		65F92499237E48970089EE3B /* Login */ = {
			isa = PBXGroup;
			children = (
				65B6ECAD23752BF4002CE8D7 /* LoginController.swift */,
				65EC8A06237DEB9E009CBF8F /* AccountSetupNameController.swift */,
				65EC8A08237DEBAD009CBF8F /* AccountSetupAgeController.swift */,
				65EC8A0A237DEBBE009CBF8F /* AccountSetupGenderController.swift */,
				65EC8A0C237DEBD7009CBF8F /* AccountSetupGenderPrefController.swift */,
				65EC8A0E237DEBF0009CBF8F /* UserSetupProfile.swift */,
				65F924C8237E7EF10089EE3B /* AccountSetupPicsController.swift */,
			);
			path = Login;
			sourceTree = "<group>";
		};
		65F9249A237E48D50089EE3B /* Matches */ = {
			isa = PBXGroup;
			children = (
				EC834405237CB46200EBB218 /* MatchViewController.swift */,
				EC83440D237D0A5600EBB218 /* People.swift */,
				EC83440B237D095B00EBB218 /* ContactCell.swift */,
				EC834403237CAFCD00EBB218 /* match.storyboard */,
			);
			path = Matches;
			sourceTree = "<group>";
		};
		65F924A9237E5B4F0089EE3B /* Home */ = {
			isa = PBXGroup;
			children = (
				65F924AA237E5B4F0089EE3B /* HomeViewController.swift */,
				65F924AC237E5B4F0089EE3B /* HomeViewsStoryboard.storyboard */,
			);
			path = Home;
			sourceTree = "<group>";
		};
		BA6F9AC166A7D6488582B048 /* Frameworks */ = {
			isa = PBXGroup;
			children = (
				AB26F3B45EEEF53D03077DFA /* Pods_Roomr.framework */,
			);
			name = Frameworks;
			sourceTree = "<group>";
		};
		EC5FBEE6238366A300B60C57 /* Profile */ = {
			isa = PBXGroup;
			children = (
				EC5FBEE7238366A300B60C57 /* Profile.storyboard */,
				EC5FBEE8238366A300B60C57 /* EditProfileViewController.swift */,
				EC5FBEE9238366A300B60C57 /* AddMediaViewController.swift */,
				EC5FBEEA238366A300B60C57 /* ProfileViewController.swift */,
				EC5FBEEB238366A300B60C57 /* SettingsViewController.swift */,
			);
			path = Profile;
			sourceTree = "<group>";
		};
/* End PBXGroup section */

/* Begin PBXNativeTarget section */
		65B6ECA523752BF4002CE8D7 /* Roomr */ = {
			isa = PBXNativeTarget;
			buildConfigurationList = 65B6ECBA23752BF5002CE8D7 /* Build configuration list for PBXNativeTarget "Roomr" */;
			buildPhases = (
				066B1F661204D9B4A4CD6066 /* [CP] Check Pods Manifest.lock */,
				65B6ECA223752BF4002CE8D7 /* Sources */,
				65B6ECA323752BF4002CE8D7 /* Frameworks */,
				65B6ECA423752BF4002CE8D7 /* Resources */,
				10235644DCB2D84521AF4A95 /* [CP] Embed Pods Frameworks */,
				05736836BD29479F8A86ACAC /* [CP] Copy Pods Resources */,
			);
			buildRules = (
			);
			dependencies = (
			);
			name = Roomr;
			productName = Roomr;
			productReference = 65B6ECA623752BF4002CE8D7 /* Roomr.app */;
			productType = "com.apple.product-type.application";
		};
/* End PBXNativeTarget section */

/* Begin PBXProject section */
		65B6EC9E23752BF4002CE8D7 /* Project object */ = {
			isa = PBXProject;
			attributes = {
				LastSwiftUpdateCheck = 1100;
				LastUpgradeCheck = 1100;
				ORGANIZATIONNAME = "Ahmed Farooqui";
				TargetAttributes = {
					65B6ECA523752BF4002CE8D7 = {
						CreatedOnToolsVersion = 11.0;
					};
				};
			};
			buildConfigurationList = 65B6ECA123752BF4002CE8D7 /* Build configuration list for PBXProject "Roomr" */;
			compatibilityVersion = "Xcode 9.3";
			developmentRegion = en;
			hasScannedForEncodings = 0;
			knownRegions = (
				en,
				Base,
			);
			mainGroup = 65B6EC9D23752BF4002CE8D7;
			productRefGroup = 65B6ECA723752BF4002CE8D7 /* Products */;
			projectDirPath = "";
			projectRoot = "";
			targets = (
				65B6ECA523752BF4002CE8D7 /* Roomr */,
			);
		};
/* End PBXProject section */

/* Begin PBXResourcesBuildPhase section */
		65B6ECA423752BF4002CE8D7 /* Resources */ = {
			isa = PBXResourcesBuildPhase;
			buildActionMask = 2147483647;
			files = (
				022A268C2383DF21009DD8C0 /* Lato-Light.ttf in Resources */,
				022A26922383E083009DD8C0 /* Camera.storyboard in Resources */,
				022A268D2383DF21009DD8C0 /* Lato-ThinItalic.ttf in Resources */,
				022A268A2383DF21009DD8C0 /* OFL.txt in Resources */,
				022A26862383DF21009DD8C0 /* Lato-Bold.ttf in Resources */,
				65F92498237E18080089EE3B /* LaunchScreen.storyboard in Resources */,
				022A268B2383DF21009DD8C0 /* Lato-BoldItalic.ttf in Resources */,
				022A26892383DF21009DD8C0 /* Lato-BlackItalic.ttf in Resources */,
				65F92497237E179C0089EE3B /* Main.storyboard in Resources */,
				EC834404237CAFCE00EBB218 /* match.storyboard in Resources */,
				022A26872383DF21009DD8C0 /* Lato-Black.ttf in Resources */,
				65B6ECC0237BC85C002CE8D7 /* GoogleService-Info.plist in Resources */,
				65B6ECBE23753955002CE8D7 /* Assets.xcassets in Resources */,
				EC5FBEEC238366A300B60C57 /* Profile.storyboard in Resources */,
				022A26832383DF21009DD8C0 /* Lato-Italic.ttf in Resources */,
				022A26852383DF21009DD8C0 /* Lato-Thin.ttf in Resources */,
				022A26882383DF21009DD8C0 /* Lato-Regular.ttf in Resources */,
				022A26842383DF21009DD8C0 /* Lato-LightItalic.ttf in Resources */,
				65F924AF237E5B4F0089EE3B /* HomeViewsStoryboard.storyboard in Resources */,
			);
			runOnlyForDeploymentPostprocessing = 0;
		};
/* End PBXResourcesBuildPhase section */

/* Begin PBXShellScriptBuildPhase section */
		05736836BD29479F8A86ACAC /* [CP] Copy Pods Resources */ = {
			isa = PBXShellScriptBuildPhase;
			buildActionMask = 2147483647;
			files = (
			);
			inputFileListPaths = (
				"${PODS_ROOT}/Target Support Files/Pods-Roomr/Pods-Roomr-resources-${CONFIGURATION}-input-files.xcfilelist",
			);
			name = "[CP] Copy Pods Resources";
			outputFileListPaths = (
				"${PODS_ROOT}/Target Support Files/Pods-Roomr/Pods-Roomr-resources-${CONFIGURATION}-output-files.xcfilelist",
			);
			runOnlyForDeploymentPostprocessing = 0;
			shellPath = /bin/sh;
			shellScript = "\"${PODS_ROOT}/Target Support Files/Pods-Roomr/Pods-Roomr-resources.sh\"\n";
			showEnvVarsInLog = 0;
		};
		066B1F661204D9B4A4CD6066 /* [CP] Check Pods Manifest.lock */ = {
			isa = PBXShellScriptBuildPhase;
			buildActionMask = 2147483647;
			files = (
			);
			inputFileListPaths = (
			);
			inputPaths = (
				"${PODS_PODFILE_DIR_PATH}/Podfile.lock",
				"${PODS_ROOT}/Manifest.lock",
			);
			name = "[CP] Check Pods Manifest.lock";
			outputFileListPaths = (
			);
			outputPaths = (
				"$(DERIVED_FILE_DIR)/Pods-Roomr-checkManifestLockResult.txt",
			);
			runOnlyForDeploymentPostprocessing = 0;
			shellPath = /bin/sh;
			shellScript = "diff \"${PODS_PODFILE_DIR_PATH}/Podfile.lock\" \"${PODS_ROOT}/Manifest.lock\" > /dev/null\nif [ $? != 0 ] ; then\n    # print error to STDERR\n    echo \"error: The sandbox is not in sync with the Podfile.lock. Run 'pod install' or update your CocoaPods installation.\" >&2\n    exit 1\nfi\n# This output is used by Xcode 'outputs' to avoid re-running this script phase.\necho \"SUCCESS\" > \"${SCRIPT_OUTPUT_FILE_0}\"\n";
			showEnvVarsInLog = 0;
		};
		10235644DCB2D84521AF4A95 /* [CP] Embed Pods Frameworks */ = {
			isa = PBXShellScriptBuildPhase;
			buildActionMask = 2147483647;
			files = (
			);
			inputFileListPaths = (
				"${PODS_ROOT}/Target Support Files/Pods-Roomr/Pods-Roomr-frameworks-${CONFIGURATION}-input-files.xcfilelist",
			);
			name = "[CP] Embed Pods Frameworks";
			outputFileListPaths = (
				"${PODS_ROOT}/Target Support Files/Pods-Roomr/Pods-Roomr-frameworks-${CONFIGURATION}-output-files.xcfilelist",
			);
			runOnlyForDeploymentPostprocessing = 0;
			shellPath = /bin/sh;
			shellScript = "\"${PODS_ROOT}/Target Support Files/Pods-Roomr/Pods-Roomr-frameworks.sh\"\n";
			showEnvVarsInLog = 0;
		};
/* End PBXShellScriptBuildPhase section */

/* Begin PBXSourcesBuildPhase section */
		65B6ECA223752BF4002CE8D7 /* Sources */ = {
			isa = PBXSourcesBuildPhase;
			buildActionMask = 2147483647;
			files = (
				65EC8A07237DEB9E009CBF8F /* AccountSetupNameController.swift in Sources */,
				65EC8A0D237DEBD7009CBF8F /* AccountSetupGenderPrefController.swift in Sources */,
				65EC8A09237DEBAD009CBF8F /* AccountSetupAgeController.swift in Sources */,
				65EC8A0B237DEBBE009CBF8F /* AccountSetupGenderController.swift in Sources */,
				65EC8A0F237DEBF0009CBF8F /* UserSetupProfile.swift in Sources */,
				EC83440C237D095B00EBB218 /* ContactCell.swift in Sources */,
				EC834406237CB46200EBB218 /* MatchViewController.swift in Sources */,
				EC5FBEEF238366A300B60C57 /* ProfileViewController.swift in Sources */,
				65B6ECAE23752BF4002CE8D7 /* LoginController.swift in Sources */,
				EC5FBEED238366A300B60C57 /* EditProfileViewController.swift in Sources */,
				65B6ECAA23752BF4002CE8D7 /* AppDelegate.swift in Sources */,
				EC83440E237D0A5600EBB218 /* People.swift in Sources */,
				65F924C9237E7EF10089EE3B /* AccountSetupPicsController.swift in Sources */,
				65B6ECAC23752BF4002CE8D7 /* SceneDelegate.swift in Sources */,
				65F924AD237E5B4F0089EE3B /* HomeViewController.swift in Sources */,
				EC5FBEEE238366A300B60C57 /* AddMediaViewController.swift in Sources */,
				EC5FBEF0238366A300B60C57 /* SettingsViewController.swift in Sources */,
				022A26912383E083009DD8C0 /* CameraViewController.swift in Sources */,
			);
			runOnlyForDeploymentPostprocessing = 0;
		};
/* End PBXSourcesBuildPhase section */

/* Begin PBXVariantGroup section */
		65B6ECB423752BF5002CE8D7 /* LaunchScreen.storyboard */ = {
			isa = PBXVariantGroup;
			children = (
				65B6ECB523752BF5002CE8D7 /* Base */,
			);
			name = LaunchScreen.storyboard;
			sourceTree = "<group>";
		};
		65EC8A10237E14F5009CBF8F /* Main.storyboard */ = {
			isa = PBXVariantGroup;
			children = (
				65EC8A11237E14F5009CBF8F /* Base */,
			);
			name = Main.storyboard;
			sourceTree = "<group>";
		};
/* End PBXVariantGroup section */

/* Begin XCBuildConfiguration section */
		65B6ECB823752BF5002CE8D7 /* Debug */ = {
			isa = XCBuildConfiguration;
			buildSettings = {
				ALWAYS_SEARCH_USER_PATHS = NO;
				CLANG_ANALYZER_NONNULL = YES;
				CLANG_ANALYZER_NUMBER_OBJECT_CONVERSION = YES_AGGRESSIVE;
				CLANG_CXX_LANGUAGE_STANDARD = "gnu++14";
				CLANG_CXX_LIBRARY = "libc++";
				CLANG_ENABLE_MODULES = YES;
				CLANG_ENABLE_OBJC_ARC = YES;
				CLANG_ENABLE_OBJC_WEAK = YES;
				CLANG_WARN_BLOCK_CAPTURE_AUTORELEASING = YES;
				CLANG_WARN_BOOL_CONVERSION = YES;
				CLANG_WARN_COMMA = YES;
				CLANG_WARN_CONSTANT_CONVERSION = YES;
				CLANG_WARN_DEPRECATED_OBJC_IMPLEMENTATIONS = YES;
				CLANG_WARN_DIRECT_OBJC_ISA_USAGE = YES_ERROR;
				CLANG_WARN_DOCUMENTATION_COMMENTS = YES;
				CLANG_WARN_EMPTY_BODY = YES;
				CLANG_WARN_ENUM_CONVERSION = YES;
				CLANG_WARN_INFINITE_RECURSION = YES;
				CLANG_WARN_INT_CONVERSION = YES;
				CLANG_WARN_NON_LITERAL_NULL_CONVERSION = YES;
				CLANG_WARN_OBJC_IMPLICIT_RETAIN_SELF = YES;
				CLANG_WARN_OBJC_LITERAL_CONVERSION = YES;
				CLANG_WARN_OBJC_ROOT_CLASS = YES_ERROR;
				CLANG_WARN_RANGE_LOOP_ANALYSIS = YES;
				CLANG_WARN_STRICT_PROTOTYPES = YES;
				CLANG_WARN_SUSPICIOUS_MOVE = YES;
				CLANG_WARN_UNGUARDED_AVAILABILITY = YES_AGGRESSIVE;
				CLANG_WARN_UNREACHABLE_CODE = YES;
				CLANG_WARN__DUPLICATE_METHOD_MATCH = YES;
				COPY_PHASE_STRIP = NO;
				DEBUG_INFORMATION_FORMAT = dwarf;
				ENABLE_STRICT_OBJC_MSGSEND = YES;
				ENABLE_TESTABILITY = YES;
				GCC_C_LANGUAGE_STANDARD = gnu11;
				GCC_DYNAMIC_NO_PIC = NO;
				GCC_NO_COMMON_BLOCKS = YES;
				GCC_OPTIMIZATION_LEVEL = 0;
				GCC_PREPROCESSOR_DEFINITIONS = (
					"DEBUG=1",
					"$(inherited)",
				);
				GCC_WARN_64_TO_32_BIT_CONVERSION = YES;
				GCC_WARN_ABOUT_RETURN_TYPE = YES_ERROR;
				GCC_WARN_UNDECLARED_SELECTOR = YES;
				GCC_WARN_UNINITIALIZED_AUTOS = YES_AGGRESSIVE;
				GCC_WARN_UNUSED_FUNCTION = YES;
				GCC_WARN_UNUSED_VARIABLE = YES;
				IPHONEOS_DEPLOYMENT_TARGET = 13.0;
				MTL_ENABLE_DEBUG_INFO = INCLUDE_SOURCE;
				MTL_FAST_MATH = YES;
				ONLY_ACTIVE_ARCH = YES;
				OTHER_LDFLAGS = "-ObjC";
				SDKROOT = iphoneos;
				SWIFT_ACTIVE_COMPILATION_CONDITIONS = DEBUG;
				SWIFT_OPTIMIZATION_LEVEL = "-Onone";
			};
			name = Debug;
		};
		65B6ECB923752BF5002CE8D7 /* Release */ = {
			isa = XCBuildConfiguration;
			buildSettings = {
				ALWAYS_SEARCH_USER_PATHS = NO;
				CLANG_ANALYZER_NONNULL = YES;
				CLANG_ANALYZER_NUMBER_OBJECT_CONVERSION = YES_AGGRESSIVE;
				CLANG_CXX_LANGUAGE_STANDARD = "gnu++14";
				CLANG_CXX_LIBRARY = "libc++";
				CLANG_ENABLE_MODULES = YES;
				CLANG_ENABLE_OBJC_ARC = YES;
				CLANG_ENABLE_OBJC_WEAK = YES;
				CLANG_WARN_BLOCK_CAPTURE_AUTORELEASING = YES;
				CLANG_WARN_BOOL_CONVERSION = YES;
				CLANG_WARN_COMMA = YES;
				CLANG_WARN_CONSTANT_CONVERSION = YES;
				CLANG_WARN_DEPRECATED_OBJC_IMPLEMENTATIONS = YES;
				CLANG_WARN_DIRECT_OBJC_ISA_USAGE = YES_ERROR;
				CLANG_WARN_DOCUMENTATION_COMMENTS = YES;
				CLANG_WARN_EMPTY_BODY = YES;
				CLANG_WARN_ENUM_CONVERSION = YES;
				CLANG_WARN_INFINITE_RECURSION = YES;
				CLANG_WARN_INT_CONVERSION = YES;
				CLANG_WARN_NON_LITERAL_NULL_CONVERSION = YES;
				CLANG_WARN_OBJC_IMPLICIT_RETAIN_SELF = YES;
				CLANG_WARN_OBJC_LITERAL_CONVERSION = YES;
				CLANG_WARN_OBJC_ROOT_CLASS = YES_ERROR;
				CLANG_WARN_RANGE_LOOP_ANALYSIS = YES;
				CLANG_WARN_STRICT_PROTOTYPES = YES;
				CLANG_WARN_SUSPICIOUS_MOVE = YES;
				CLANG_WARN_UNGUARDED_AVAILABILITY = YES_AGGRESSIVE;
				CLANG_WARN_UNREACHABLE_CODE = YES;
				CLANG_WARN__DUPLICATE_METHOD_MATCH = YES;
				COPY_PHASE_STRIP = NO;
				DEBUG_INFORMATION_FORMAT = "dwarf-with-dsym";
				ENABLE_NS_ASSERTIONS = NO;
				ENABLE_STRICT_OBJC_MSGSEND = YES;
				GCC_C_LANGUAGE_STANDARD = gnu11;
				GCC_NO_COMMON_BLOCKS = YES;
				GCC_WARN_64_TO_32_BIT_CONVERSION = YES;
				GCC_WARN_ABOUT_RETURN_TYPE = YES_ERROR;
				GCC_WARN_UNDECLARED_SELECTOR = YES;
				GCC_WARN_UNINITIALIZED_AUTOS = YES_AGGRESSIVE;
				GCC_WARN_UNUSED_FUNCTION = YES;
				GCC_WARN_UNUSED_VARIABLE = YES;
				IPHONEOS_DEPLOYMENT_TARGET = 13.0;
				MTL_ENABLE_DEBUG_INFO = NO;
				MTL_FAST_MATH = YES;
				OTHER_LDFLAGS = "-ObjC";
				SDKROOT = iphoneos;
				SWIFT_COMPILATION_MODE = wholemodule;
				SWIFT_OPTIMIZATION_LEVEL = "-O";
				VALIDATE_PRODUCT = YES;
			};
			name = Release;
		};
		65B6ECBB23752BF5002CE8D7 /* Debug */ = {
			isa = XCBuildConfiguration;
			baseConfigurationReference = 5D551939CAA757EF9E84EF97 /* Pods-Roomr.debug.xcconfig */;
			buildSettings = {
				ASSETCATALOG_COMPILER_APPICON_NAME = AppIcon;
				CODE_SIGN_STYLE = Automatic;
				DEVELOPMENT_TEAM = NL234S6923;
				INFOPLIST_FILE = Roomr/Info.plist;
				LD_RUNPATH_SEARCH_PATHS = (
					"$(inherited)",
					"@executable_path/Frameworks",
				);
				PRODUCT_BUNDLE_IDENTIFIER = ecs189e.Roomr;
				PRODUCT_NAME = "$(TARGET_NAME)";
				SWIFT_VERSION = 5.0;
				TARGETED_DEVICE_FAMILY = "1,2";
			};
			name = Debug;
		};
		65B6ECBC23752BF5002CE8D7 /* Release */ = {
			isa = XCBuildConfiguration;
			baseConfigurationReference = 7DDBD1223662A07D95E2BCC9 /* Pods-Roomr.release.xcconfig */;
			buildSettings = {
				ASSETCATALOG_COMPILER_APPICON_NAME = AppIcon;
				CODE_SIGN_STYLE = Automatic;
				DEVELOPMENT_TEAM = NL234S6923;
				INFOPLIST_FILE = Roomr/Info.plist;
				LD_RUNPATH_SEARCH_PATHS = (
					"$(inherited)",
					"@executable_path/Frameworks",
				);
				PRODUCT_BUNDLE_IDENTIFIER = ecs189e.Roomr;
				PRODUCT_NAME = "$(TARGET_NAME)";
				SWIFT_VERSION = 5.0;
				TARGETED_DEVICE_FAMILY = "1,2";
			};
			name = Release;
		};
/* End XCBuildConfiguration section */

/* Begin XCConfigurationList section */
		65B6ECA123752BF4002CE8D7 /* Build configuration list for PBXProject "Roomr" */ = {
			isa = XCConfigurationList;
			buildConfigurations = (
				65B6ECB823752BF5002CE8D7 /* Debug */,
				65B6ECB923752BF5002CE8D7 /* Release */,
			);
			defaultConfigurationIsVisible = 0;
			defaultConfigurationName = Release;
		};
		65B6ECBA23752BF5002CE8D7 /* Build configuration list for PBXNativeTarget "Roomr" */ = {
			isa = XCConfigurationList;
			buildConfigurations = (
				65B6ECBB23752BF5002CE8D7 /* Debug */,
				65B6ECBC23752BF5002CE8D7 /* Release */,
			);
			defaultConfigurationIsVisible = 0;
			defaultConfigurationName = Release;
		};
/* End XCConfigurationList section */
	};
	rootObject = 65B6EC9E23752BF4002CE8D7 /* Project object */;
}
